// !$*UTF8*$!
{
	archiveVersion = 1;
	classes = {
	};
	objectVersion = 50;
	objects = {

/* Begin PBXBuildFile section */
		365FE0DF234A105500C03705 /* AppDelegate.swift in Sources */ = {isa = PBXBuildFile; fileRef = 365FE0DE234A105500C03705 /* AppDelegate.swift */; };
		365FE0E1234A105500C03705 /* SceneDelegate.swift in Sources */ = {isa = PBXBuildFile; fileRef = 365FE0E0234A105500C03705 /* SceneDelegate.swift */; };
		365FE0E3234A105500C03705 /* ViewController.swift in Sources */ = {isa = PBXBuildFile; fileRef = 365FE0E2234A105500C03705 /* ViewController.swift */; };
		365FE0E6234A105500C03705 /* Main.storyboard in Resources */ = {isa = PBXBuildFile; fileRef = 365FE0E4234A105500C03705 /* Main.storyboard */; };
		365FE0E8234A105600C03705 /* Assets.xcassets in Resources */ = {isa = PBXBuildFile; fileRef = 365FE0E7234A105600C03705 /* Assets.xcassets */; };
		365FE0EB234A105600C03705 /* LaunchScreen.storyboard in Resources */ = {isa = PBXBuildFile; fileRef = 365FE0E9234A105600C03705 /* LaunchScreen.storyboard */; };
		365FE0F6234A105600C03705 /* calculatorTests.swift in Sources */ = {isa = PBXBuildFile; fileRef = 365FE0F5234A105600C03705 /* calculatorTests.swift */; };
		365FE101234A105600C03705 /* calculatorUITests.swift in Sources */ = {isa = PBXBuildFile; fileRef = 365FE100234A105600C03705 /* calculatorUITests.swift */; };
/* End PBXBuildFile section */

/* Begin PBXContainerItemProxy section */
		365FE0F2234A105600C03705 /* PBXContainerItemProxy */ = {
			isa = PBXContainerItemProxy;
			containerPortal = 365FE0D3234A105500C03705 /* Project object */;
			proxyType = 1;
			remoteGlobalIDString = 365FE0DA234A105500C03705;
			remoteInfo = calculator;
		};
		365FE0FD234A105600C03705 /* PBXContainerItemProxy */ = {
			isa = PBXContainerItemProxy;
			containerPortal = 365FE0D3234A105500C03705 /* Project object */;
			proxyType = 1;
			remoteGlobalIDString = 365FE0DA234A105500C03705;
			remoteInfo = calculator;
		};
/* End PBXContainerItemProxy section */

/* Begin PBXFileReference section */
		365FE0DB234A105500C03705 /* calculator.app */ = {isa = PBXFileReference; explicitFileType = wrapper.application; includeInIndex = 0; path = calculator.app; sourceTree = BUILT_PRODUCTS_DIR; };
		365FE0DE234A105500C03705 /* AppDelegate.swift */ = {isa = PBXFileReference; lastKnownFileType = sourcecode.swift; path = AppDelegate.swift; sourceTree = "<group>"; };
		365FE0E0234A105500C03705 /* SceneDelegate.swift */ = {isa = PBXFileReference; lastKnownFileType = sourcecode.swift; path = SceneDelegate.swift; sourceTree = "<group>"; };
		365FE0E2234A105500C03705 /* ViewController.swift */ = {isa = PBXFileReference; lastKnownFileType = sourcecode.swift; path = ViewController.swift; sourceTree = "<group>"; };
		365FE0E5234A105500C03705 /* Base */ = {isa = PBXFileReference; lastKnownFileType = file.storyboard; name = Base; path = Base.lproj/Main.storyboard; sourceTree = "<group>"; };
		365FE0E7234A105600C03705 /* Assets.xcassets */ = {isa = PBXFileReference; lastKnownFileType = folder.assetcatalog; path = Assets.xcassets; sourceTree = "<group>"; };
		365FE0EA234A105600C03705 /* Base */ = {isa = PBXFileReference; lastKnownFileType = file.storyboard; name = Base; path = Base.lproj/LaunchScreen.storyboard; sourceTree = "<group>"; };
		365FE0EC234A105600C03705 /* Info.plist */ = {isa = PBXFileReference; lastKnownFileType = text.plist.xml; path = Info.plist; sourceTree = "<group>"; };
		365FE0F1234A105600C03705 /* calculatorTests.xctest */ = {isa = PBXFileReference; explicitFileType = wrapper.cfbundle; includeInIndex = 0; path = calculatorTests.xctest; sourceTree = BUILT_PRODUCTS_DIR; };
		365FE0F5234A105600C03705 /* calculatorTests.swift */ = {isa = PBXFileReference; lastKnownFileType = sourcecode.swift; path = calculatorTests.swift; sourceTree = "<group>"; };
		365FE0F7234A105600C03705 /* Info.plist */ = {isa = PBXFileReference; lastKnownFileType = text.plist.xml; path = Info.plist; sourceTree = "<group>"; };
		365FE0FC234A105600C03705 /* calculatorUITests.xctest */ = {isa = PBXFileReference; explicitFileType = wrapper.cfbundle; includeInIndex = 0; path = calculatorUITests.xctest; sourceTree = BUILT_PRODUCTS_DIR; };
		365FE100234A105600C03705 /* calculatorUITests.swift */ = {isa = PBXFileReference; lastKnownFileType = sourcecode.swift; path = calculatorUITests.swift; sourceTree = "<group>"; };
		365FE102234A105600C03705 /* Info.plist */ = {isa = PBXFileReference; lastKnownFileType = text.plist.xml; path = Info.plist; sourceTree = "<group>"; };
/* End PBXFileReference section */

/* Begin PBXFrameworksBuildPhase section */
		365FE0D8234A105500C03705 /* Frameworks */ = {
			isa = PBXFrameworksBuildPhase;
			buildActionMask = 2147483647;
			files = (
			);
			runOnlyForDeploymentPostprocessing = 0;
		};
		365FE0EE234A105600C03705 /* Frameworks */ = {
			isa = PBXFrameworksBuildPhase;
			buildActionMask = 2147483647;
			files = (
			);
			runOnlyForDeploymentPostprocessing = 0;
		};
		365FE0F9234A105600C03705 /* Frameworks */ = {
			isa = PBXFrameworksBuildPhase;
			buildActionMask = 2147483647;
			files = (
			);
			runOnlyForDeploymentPostprocessing = 0;
		};
/* End PBXFrameworksBuildPhase section */

/* Begin PBXGroup section */
		365FE0D2234A105500C03705 = {
			isa = PBXGroup;
			children = (
				365FE0DD234A105500C03705 /* calculator */,
				365FE0F4234A105600C03705 /* calculatorTests */,
				365FE0FF234A105600C03705 /* calculatorUITests */,
				365FE0DC234A105500C03705 /* Products */,
			);
			sourceTree = "<group>";
		};
		365FE0DC234A105500C03705 /* Products */ = {
			isa = PBXGroup;
			children = (
				365FE0DB234A105500C03705 /* calculator.app */,
				365FE0F1234A105600C03705 /* calculatorTests.xctest */,
				365FE0FC234A105600C03705 /* calculatorUITests.xctest */,
			);
			name = Products;
			sourceTree = "<group>";
		};
		365FE0DD234A105500C03705 /* calculator */ = {
			isa = PBXGroup;
			children = (
				365FE0DE234A105500C03705 /* AppDelegate.swift */,
				365FE0E0234A105500C03705 /* SceneDelegate.swift */,
				365FE0E2234A105500C03705 /* ViewController.swift */,
				365FE0E4234A105500C03705 /* Main.storyboard */,
				365FE0E7234A105600C03705 /* Assets.xcassets */,
				365FE0E9234A105600C03705 /* LaunchScreen.storyboard */,
				365FE0EC234A105600C03705 /* Info.plist */,
			);
			path = calculator;
			sourceTree = "<group>";
		};
		365FE0F4234A105600C03705 /* calculatorTests */ = {
			isa = PBXGroup;
			children = (
				365FE0F5234A105600C03705 /* calculatorTests.swift */,
				365FE0F7234A105600C03705 /* Info.plist */,
			);
			path = calculatorTests;
			sourceTree = "<group>";
		};
		365FE0FF234A105600C03705 /* calculatorUITests */ = {
			isa = PBXGroup;
			children = (
				365FE100234A105600C03705 /* calculatorUITests.swift */,
				365FE102234A105600C03705 /* Info.plist */,
			);
			path = calculatorUITests;
			sourceTree = "<group>";
		};
/* End PBXGroup section */

/* Begin PBXNativeTarget section */
		365FE0DA234A105500C03705 /* calculator */ = {
			isa = PBXNativeTarget;
			buildConfigurationList = 365FE105234A105600C03705 /* Build configuration list for PBXNativeTarget "calculator" */;
			buildPhases = (
				365FE0D7234A105500C03705 /* Sources */,
				365FE0D8234A105500C03705 /* Frameworks */,
				365FE0D9234A105500C03705 /* Resources */,
			);
			buildRules = (
			);
			dependencies = (
			);
			name = calculator;
			productName = calculator;
			productReference = 365FE0DB234A105500C03705 /* calculator.app */;
			productType = "com.apple.product-type.application";
		};
		365FE0F0234A105600C03705 /* calculatorTests */ = {
			isa = PBXNativeTarget;
			buildConfigurationList = 365FE108234A105600C03705 /* Build configuration list for PBXNativeTarget "calculatorTests" */;
			buildPhases = (
				365FE0ED234A105600C03705 /* Sources */,
				365FE0EE234A105600C03705 /* Frameworks */,
				365FE0EF234A105600C03705 /* Resources */,
			);
			buildRules = (
			);
			dependencies = (
				365FE0F3234A105600C03705 /* PBXTargetDependency */,
			);
			name = calculatorTests;
			productName = calculatorTests;
			productReference = 365FE0F1234A105600C03705 /* calculatorTests.xctest */;
			productType = "com.apple.product-type.bundle.unit-test";
		};
		365FE0FB234A105600C03705 /* calculatorUITests */ = {
			isa = PBXNativeTarget;
			buildConfigurationList = 365FE10B234A105600C03705 /* Build configuration list for PBXNativeTarget "calculatorUITests" */;
			buildPhases = (
				365FE0F8234A105600C03705 /* Sources */,
				365FE0F9234A105600C03705 /* Frameworks */,
				365FE0FA234A105600C03705 /* Resources */,
			);
			buildRules = (
			);
			dependencies = (
				365FE0FE234A105600C03705 /* PBXTargetDependency */,
			);
			name = calculatorUITests;
			productName = calculatorUITests;
			productReference = 365FE0FC234A105600C03705 /* calculatorUITests.xctest */;
			productType = "com.apple.product-type.bundle.ui-testing";
		};
/* End PBXNativeTarget section */

/* Begin PBXProject section */
		365FE0D3234A105500C03705 /* Project object */ = {
			isa = PBXProject;
			attributes = {
				LastSwiftUpdateCheck = 1100;
				LastUpgradeCheck = 1100;
				ORGANIZATIONNAME = nijat;
				TargetAttributes = {
					365FE0DA234A105500C03705 = {
						CreatedOnToolsVersion = 11.0;
					};
					365FE0F0234A105600C03705 = {
						CreatedOnToolsVersion = 11.0;
						TestTargetID = 365FE0DA234A105500C03705;
					};
					365FE0FB234A105600C03705 = {
						CreatedOnToolsVersion = 11.0;
						TestTargetID = 365FE0DA234A105500C03705;
					};
				};
			};
			buildConfigurationList = 365FE0D6234A105500C03705 /* Build configuration list for PBXProject "calculator" */;
			compatibilityVersion = "Xcode 9.3";
			developmentRegion = en;
			hasScannedForEncodings = 0;
			knownRegions = (
				en,
				Base,
			);
			mainGroup = 365FE0D2234A105500C03705;
			productRefGroup = 365FE0DC234A105500C03705 /* Products */;
			projectDirPath = "";
			projectRoot = "";
			targets = (
				365FE0DA234A105500C03705 /* calculator */,
				365FE0F0234A105600C03705 /* calculatorTests */,
				365FE0FB234A105600C03705 /* calculatorUITests */,
			);
		};
/* End PBXProject section */

/* Begin PBXResourcesBuildPhase section */
		365FE0D9234A105500C03705 /* Resources */ = {
			isa = PBXResourcesBuildPhase;
			buildActionMask = 2147483647;
			files = (
				365FE0EB234A105600C03705 /* LaunchScreen.storyboard in Resources */,
				365FE0E8234A105600C03705 /* Assets.xcassets in Resources */,
				365FE0E6234A105500C03705 /* Main.storyboard in Resources */,
			);
			runOnlyForDeploymentPostprocessing = 0;
		};
		365FE0EF234A105600C03705 /* Resources */ = {
			isa = PBXResourcesBuildPhase;
			buildActionMask = 2147483647;
			files = (
			);
			runOnlyForDeploymentPostprocessing = 0;
		};
		365FE0FA234A105600C03705 /* Resources */ = {
			isa = PBXResourcesBuildPhase;
			buildActionMask = 2147483647;
			files = (
			);
			runOnlyForDeploymentPostprocessing = 0;
		};
/* End PBXResourcesBuildPhase section */

/* Begin PBXSourcesBuildPhase section */
		365FE0D7234A105500C03705 /* Sources */ = {
			isa = PBXSourcesBuildPhase;
			buildActionMask = 2147483647;
			files = (
				365FE0E3234A105500C03705 /* ViewController.swift in Sources */,
				365FE0DF234A105500C03705 /* AppDelegate.swift in Sources */,
				365FE0E1234A105500C03705 /* SceneDelegate.swift in Sources */,
			);
			runOnlyForDeploymentPostprocessing = 0;
		};
		365FE0ED234A105600C03705 /* Sources */ = {
			isa = PBXSourcesBuildPhase;
			buildActionMask = 2147483647;
			files = (
				365FE0F6234A105600C03705 /* calculatorTests.swift in Sources */,
			);
			runOnlyForDeploymentPostprocessing = 0;
		};
		365FE0F8234A105600C03705 /* Sources */ = {
			isa = PBXSourcesBuildPhase;
			buildActionMask = 2147483647;
			files = (
				365FE101234A105600C03705 /* calculatorUITests.swift in Sources */,
			);
			runOnlyForDeploymentPostprocessing = 0;
		};
/* End PBXSourcesBuildPhase section */

/* Begin PBXTargetDependency section */
		365FE0F3234A105600C03705 /* PBXTargetDependency */ = {
			isa = PBXTargetDependency;
			target = 365FE0DA234A105500C03705 /* calculator */;
			targetProxy = 365FE0F2234A105600C03705 /* PBXContainerItemProxy */;
		};
		365FE0FE234A105600C03705 /* PBXTargetDependency */ = {
			isa = PBXTargetDependency;
			target = 365FE0DA234A105500C03705 /* calculator */;
			targetProxy = 365FE0FD234A105600C03705 /* PBXContainerItemProxy */;
		};
/* End PBXTargetDependency section */

/* Begin PBXVariantGroup section */
		365FE0E4234A105500C03705 /* Main.storyboard */ = {
			isa = PBXVariantGroup;
			children = (
				365FE0E5234A105500C03705 /* Base */,
			);
			name = Main.storyboard;
			sourceTree = "<group>";
		};
		365FE0E9234A105600C03705 /* LaunchScreen.storyboard */ = {
			isa = PBXVariantGroup;
			children = (
				365FE0EA234A105600C03705 /* Base */,
			);
			name = LaunchScreen.storyboard;
			sourceTree = "<group>";
		};
/* End PBXVariantGroup section */

/* Begin XCBuildConfiguration section */
		365FE103234A105600C03705 /* Debug */ = {
			isa = XCBuildConfiguration;
			buildSettings = {
				ALWAYS_SEARCH_USER_PATHS = NO;
				CLANG_ANALYZER_NONNULL = YES;
				CLANG_ANALYZER_NUMBER_OBJECT_CONVERSION = YES_AGGRESSIVE;
				CLANG_CXX_LANGUAGE_STANDARD = "gnu++14";
				CLANG_CXX_LIBRARY = "libc++";
				CLANG_ENABLE_MODULES = YES;
				CLANG_ENABLE_OBJC_ARC = YES;
				CLANG_ENABLE_OBJC_WEAK = YES;
				CLANG_WARN_BLOCK_CAPTURE_AUTORELEASING = YES;
				CLANG_WARN_BOOL_CONVERSION = YES;
				CLANG_WARN_COMMA = YES;
				CLANG_WARN_CONSTANT_CONVERSION = YES;
				CLANG_WARN_DEPRECATED_OBJC_IMPLEMENTATIONS = YES;
				CLANG_WARN_DIRECT_OBJC_ISA_USAGE = YES_ERROR;
				CLANG_WARN_DOCUMENTATION_COMMENTS = YES;
				CLANG_WARN_EMPTY_BODY = YES;
				CLANG_WARN_ENUM_CONVERSION = YES;
				CLANG_WARN_INFINITE_RECURSION = YES;
				CLANG_WARN_INT_CONVERSION = YES;
				CLANG_WARN_NON_LITERAL_NULL_CONVERSION = YES;
				CLANG_WARN_OBJC_IMPLICIT_RETAIN_SELF = YES;
				CLANG_WARN_OBJC_LITERAL_CONVERSION = YES;
				CLANG_WARN_OBJC_ROOT_CLASS = YES_ERROR;
				CLANG_WARN_RANGE_LOOP_ANALYSIS = YES;
				CLANG_WARN_STRICT_PROTOTYPES = YES;
				CLANG_WARN_SUSPICIOUS_MOVE = YES;
				CLANG_WARN_UNGUARDED_AVAILABILITY = YES_AGGRESSIVE;
				CLANG_WARN_UNREACHABLE_CODE = YES;
				CLANG_WARN__DUPLICATE_METHOD_MATCH = YES;
				COPY_PHASE_STRIP = NO;
				DEBUG_INFORMATION_FORMAT = dwarf;
				ENABLE_STRICT_OBJC_MSGSEND = YES;
				ENABLE_TESTABILITY = YES;
				GCC_C_LANGUAGE_STANDARD = gnu11;
				GCC_DYNAMIC_NO_PIC = NO;
				GCC_NO_COMMON_BLOCKS = YES;
				GCC_OPTIMIZATION_LEVEL = 0;
				GCC_PREPROCESSOR_DEFINITIONS = (
					"DEBUG=1",
					"$(inherited)",
				);
				GCC_WARN_64_TO_32_BIT_CONVERSION = YES;
				GCC_WARN_ABOUT_RETURN_TYPE = YES_ERROR;
				GCC_WARN_UNDECLARED_SELECTOR = YES;
				GCC_WARN_UNINITIALIZED_AUTOS = YES_AGGRESSIVE;
				GCC_WARN_UNUSED_FUNCTION = YES;
				GCC_WARN_UNUSED_VARIABLE = YES;
				IPHONEOS_DEPLOYMENT_TARGET = 13.0;
				MTL_ENABLE_DEBUG_INFO = INCLUDE_SOURCE;
				MTL_FAST_MATH = YES;
				ONLY_ACTIVE_ARCH = YES;
				SDKROOT = iphoneos;
				SWIFT_ACTIVE_COMPILATION_CONDITIONS = DEBUG;
				SWIFT_OPTIMIZATION_LEVEL = "-Onone";
			};
			name = Debug;
		};
		365FE104234A105600C03705 /* Release */ = {
			isa = XCBuildConfiguration;
			buildSettings = {
				ALWAYS_SEARCH_USER_PATHS = NO;
				CLANG_ANALYZER_NONNULL = YES;
				CLANG_ANALYZER_NUMBER_OBJECT_CONVERSION = YES_AGGRESSIVE;
				CLANG_CXX_LANGUAGE_STANDARD = "gnu++14";
				CLANG_CXX_LIBRARY = "libc++";
				CLANG_ENABLE_MODULES = YES;
				CLANG_ENABLE_OBJC_ARC = YES;
				CLANG_ENABLE_OBJC_WEAK = YES;
				CLANG_WARN_BLOCK_CAPTURE_AUTORELEASING = YES;
				CLANG_WARN_BOOL_CONVERSION = YES;
				CLANG_WARN_COMMA = YES;
				CLANG_WARN_CONSTANT_CONVERSION = YES;
				CLANG_WARN_DEPRECATED_OBJC_IMPLEMENTATIONS = YES;
				CLANG_WARN_DIRECT_OBJC_ISA_USAGE = YES_ERROR;
				CLANG_WARN_DOCUMENTATION_COMMENTS = YES;
				CLANG_WARN_EMPTY_BODY = YES;
				CLANG_WARN_ENUM_CONVERSION = YES;
				CLANG_WARN_INFINITE_RECURSION = YES;
				CLANG_WARN_INT_CONVERSION = YES;
				CLANG_WARN_NON_LITERAL_NULL_CONVERSION = YES;
				CLANG_WARN_OBJC_IMPLICIT_RETAIN_SELF = YES;
				CLANG_WARN_OBJC_LITERAL_CONVERSION = YES;
				CLANG_WARN_OBJC_ROOT_CLASS = YES_ERROR;
				CLANG_WARN_RANGE_LOOP_ANALYSIS = YES;
				CLANG_WARN_STRICT_PROTOTYPES = YES;
				CLANG_WARN_SUSPICIOUS_MOVE = YES;
				CLANG_WARN_UNGUARDED_AVAILABILITY = YES_AGGRESSIVE;
				CLANG_WARN_UNREACHABLE_CODE = YES;
				CLANG_WARN__DUPLICATE_METHOD_MATCH = YES;
				COPY_PHASE_STRIP = NO;
				DEBUG_INFORMATION_FORMAT = "dwarf-with-dsym";
				ENABLE_NS_ASSERTIONS = NO;
				ENABLE_STRICT_OBJC_MSGSEND = YES;
				GCC_C_LANGUAGE_STANDARD = gnu11;
				GCC_NO_COMMON_BLOCKS = YES;
				GCC_WARN_64_TO_32_BIT_CONVERSION = YES;
				GCC_WARN_ABOUT_RETURN_TYPE = YES_ERROR;
				GCC_WARN_UNDECLARED_SELECTOR = YES;
				GCC_WARN_UNINITIALIZED_AUTOS = YES_AGGRESSIVE;
				GCC_WARN_UNUSED_FUNCTION = YES;
				GCC_WARN_UNUSED_VARIABLE = YES;
				IPHONEOS_DEPLOYMENT_TARGET = 13.0;
				MTL_ENABLE_DEBUG_INFO = NO;
				MTL_FAST_MATH = YES;
				SDKROOT = iphoneos;
				SWIFT_COMPILATION_MODE = wholemodule;
				SWIFT_OPTIMIZATION_LEVEL = "-O";
				VALIDATE_PRODUCT = YES;
			};
			name = Release;
		};
		365FE106234A105600C03705 /* Debug */ = {
			isa = XCBuildConfiguration;
			buildSettings = {
				ASSETCATALOG_COMPILER_APPICON_NAME = AppIcon;
				CODE_SIGN_STYLE = Automatic;
				INFOPLIST_FILE = calculator/Info.plist;
				LD_RUNPATH_SEARCH_PATHS = (
					"$(inherited)",
					"@executable_path/Frameworks",
				);
				PRODUCT_BUNDLE_IDENTIFIER = ncalc.calculator;
				PRODUCT_NAME = "$(TARGET_NAME)";
				SWIFT_VERSION = 5.0;
				TARGETED_DEVICE_FAMILY = "1,2";
			};
			name = Debug;
		};
		365FE107234A105600C03705 /* Release */ = {
			isa = XCBuildConfiguration;
			buildSettings = {
				ASSETCATALOG_COMPILER_APPICON_NAME = AppIcon;
				CODE_SIGN_STYLE = Automatic;
				INFOPLIST_FILE = calculator/Info.plist;
				LD_RUNPATH_SEARCH_PATHS = (
					"$(inherited)",
					"@executable_path/Frameworks",
				);
				PRODUCT_BUNDLE_IDENTIFIER = ncalc.calculator;
				PRODUCT_NAME = "$(TARGET_NAME)";
				SWIFT_VERSION = 5.0;
				TARGETED_DEVICE_FAMILY = "1,2";
			};
			name = Release;
		};
		365FE109234A105600C03705 /* Debug */ = {
			isa = XCBuildConfiguration;
			buildSettings = {
				ALWAYS_EMBED_SWIFT_STANDARD_LIBRARIES = YES;
				BUNDLE_LOADER = "$(TEST_HOST)";
				CODE_SIGN_STYLE = Automatic;
				INFOPLIST_FILE = calculatorTests/Info.plist;
				IPHONEOS_DEPLOYMENT_TARGET = 13.0;
				LD_RUNPATH_SEARCH_PATHS = (
					"$(inherited)",
					"@executable_path/Frameworks",
					"@loader_path/Frameworks",
				);
				PRODUCT_BUNDLE_IDENTIFIER = ncalc.calculatorTests;
				PRODUCT_NAME = "$(TARGET_NAME)";
				SWIFT_VERSION = 5.0;
				TARGETED_DEVICE_FAMILY = "1,2";
				TEST_HOST = "$(BUILT_PRODUCTS_DIR)/calculator.app/calculator";
			};
			name = Debug;
		};
		365FE10A234A105600C03705 /* Release */ = {
			isa = XCBuildConfiguration;
			buildSettings = {
				ALWAYS_EMBED_SWIFT_STANDARD_LIBRARIES = YES;
				BUNDLE_LOADER = "$(TEST_HOST)";
				CODE_SIGN_STYLE = Automatic;
				INFOPLIST_FILE = calculatorTests/Info.plist;
				IPHONEOS_DEPLOYMENT_TARGET = 13.0;
				LD_RUNPATH_SEARCH_PATHS = (
					"$(inherited)",
					"@executable_path/Frameworks",
					"@loader_path/Frameworks",
				);
				PRODUCT_BUNDLE_IDENTIFIER = ncalc.calculatorTests;
				PRODUCT_NAME = "$(TARGET_NAME)";
				SWIFT_VERSION = 5.0;
				TARGETED_DEVICE_FAMILY = "1,2";
				TEST_HOST = "$(BUILT_PRODUCTS_DIR)/calculator.app/calculator";
			};
			name = Release;
		};
		365FE10C234A105600C03705 /* Debug */ = {
			isa = XCBuildConfiguration;
			buildSettings = {
				ALWAYS_EMBED_SWIFT_STANDARD_LIBRARIES = YES;
				CODE_SIGN_STYLE = Automatic;
				INFOPLIST_FILE = calculatorUITests/Info.plist;
				LD_RUNPATH_SEARCH_PATHS = (
					"$(inherited)",
					"@executable_path/Frameworks",
					"@loader_path/Frameworks",
				);
				PRODUCT_BUNDLE_IDENTIFIER = ncalc.calculatorUITests;
				PRODUCT_NAME = "$(TARGET_NAME)";
				SWIFT_VERSION = 5.0;
				TARGETED_DEVICE_FAMILY = "1,2";
				TEST_TARGET_NAME = calculator;
			};
			name = Debug;
		};
		365FE10D234A105600C03705 /* Release */ = {
			isa = XCBuildConfiguration;
			buildSettings = {
				ALWAYS_EMBED_SWIFT_STANDARD_LIBRARIES = YES;
				CODE_SIGN_STYLE = Automatic;
				INFOPLIST_FILE = calculatorUITests/Info.plist;
				LD_RUNPATH_SEARCH_PATHS = (
					"$(inherited)",
					"@executable_path/Frameworks",
					"@loader_path/Frameworks",
				);
				PRODUCT_BUNDLE_IDENTIFIER = ncalc.calculatorUITests;
				PRODUCT_NAME = "$(TARGET_NAME)";
				SWIFT_VERSION = 5.0;
				TARGETED_DEVICE_FAMILY = "1,2";
				TEST_TARGET_NAME = calculator;
			};
			name = Release;
		};
/* End XCBuildConfiguration section */

/* Begin XCConfigurationList section */
		365FE0D6234A105500C03705 /* Build configuration list for PBXProject "calculator" */ = {
			isa = XCConfigurationList;
			buildConfigurations = (
				365FE103234A105600C03705 /* Debug */,
				365FE104234A105600C03705 /* Release */,
			);
			defaultConfigurationIsVisible = 0;
			defaultConfigurationName = Release;
		};
		365FE105234A105600C03705 /* Build configuration list for PBXNativeTarget "calculator" */ = {
			isa = XCConfigurationList;
			buildConfigurations = (
				365FE106234A105600C03705 /* Debug */,
				365FE107234A105600C03705 /* Release */,
			);
			defaultConfigurationIsVisible = 0;
			defaultConfigurationName = Release;
		};
		365FE108234A105600C03705 /* Build configuration list for PBXNativeTarget "calculatorTests" */ = {
			isa = XCConfigurationList;
			buildConfigurations = (
				365FE109234A105600C03705 /* Debug */,
				365FE10A234A105600C03705 /* Release */,
			);
			defaultConfigurationIsVisible = 0;
			defaultConfigurationName = Release;
		};
		365FE10B234A105600C03705 /* Build configuration list for PBXNativeTarget "calculatorUITests" */ = {
			isa = XCConfigurationList;
			buildConfigurations = (
				365FE10C234A105600C03705 /* Debug */,
				365FE10D234A105600C03705 /* Release */,
			);
			defaultConfigurationIsVisible = 0;
			defaultConfigurationName = Release;
		};
/* End XCConfigurationList section */
	};
	rootObject = 365FE0D3234A105500C03705 /* Project object */;
}
